// !$*UTF8*$!
{
	archiveVersion = 1;
	classes = {
	};
	objectVersion = 50;
	objects = {

/* Begin PBXBuildFile section */
		5A76C278223B743C003E37AC /* JBaseTabBarController.m in Sources */ = {isa = PBXBuildFile; fileRef = 5A76C277223B743C003E37AC /* JBaseTabBarController.m */; };
		5AEB32B1223B792D00D5556C /* MeViewController.m in Sources */ = {isa = PBXBuildFile; fileRef = 5AEB32B0223B792D00D5556C /* MeViewController.m */; };
		5AEB32B7223B79FD00D5556C /* WLXActionSheet.m in Sources */ = {isa = PBXBuildFile; fileRef = 5AEB32B5223B79FD00D5556C /* WLXActionSheet.m */; };
		5AEB32B8223B79FD00D5556C /* SDiOSVersion.m in Sources */ = {isa = PBXBuildFile; fileRef = 5AEB32B6223B79FD00D5556C /* SDiOSVersion.m */; };
		5AEB32BB223B7A7E00D5556C /* JNetReachabilityTool.m in Sources */ = {isa = PBXBuildFile; fileRef = 5AEB32BA223B7A7E00D5556C /* JNetReachabilityTool.m */; };
		5AF48C3322389F73006C4042 /* AppDelegate.m in Sources */ = {isa = PBXBuildFile; fileRef = 5AF48C3222389F73006C4042 /* AppDelegate.m */; };
		5AF48C3622389F73006C4042 /* ViewController.m in Sources */ = {isa = PBXBuildFile; fileRef = 5AF48C3522389F73006C4042 /* ViewController.m */; };
		5AF48C3922389F73006C4042 /* Main.storyboard in Resources */ = {isa = PBXBuildFile; fileRef = 5AF48C3722389F73006C4042 /* Main.storyboard */; };
		5AF48C3B22389F74006C4042 /* Assets.xcassets in Resources */ = {isa = PBXBuildFile; fileRef = 5AF48C3A22389F74006C4042 /* Assets.xcassets */; };
		5AF48C3E22389F74006C4042 /* LaunchScreen.storyboard in Resources */ = {isa = PBXBuildFile; fileRef = 5AF48C3C22389F74006C4042 /* LaunchScreen.storyboard */; };
		5AF48C4122389F74006C4042 /* main.m in Sources */ = {isa = PBXBuildFile; fileRef = 5AF48C4022389F74006C4042 /* main.m */; };
		5AF48C572238EB87006C4042 /* HttpRequest.m in Sources */ = {isa = PBXBuildFile; fileRef = 5AF48C542238EB87006C4042 /* HttpRequest.m */; };
		5AF48C582238EB87006C4042 /* UploadParam.m in Sources */ = {isa = PBXBuildFile; fileRef = 5AF48C562238EB87006C4042 /* UploadParam.m */; };
		5AF48C6F2238ECA7006C4042 /* BaseViewController.m in Sources */ = {isa = PBXBuildFile; fileRef = 5AF48C6E2238ECA7006C4042 /* BaseViewController.m */; };
		5AF48C762238F38A006C4042 /* HomeViewController.m in Sources */ = {isa = PBXBuildFile; fileRef = 5AF48C752238F38A006C4042 /* HomeViewController.m */; };
		5AF48C792238F3B4006C4042 /* LoginViewController.m in Sources */ = {isa = PBXBuildFile; fileRef = 5AF48C782238F3B4006C4042 /* LoginViewController.m */; };
		5AF48C8E2238F728006C4042 /* UIView+Addition.m in Sources */ = {isa = PBXBuildFile; fileRef = 5AF48C852238F728006C4042 /* UIView+Addition.m */; };
		5AF48C8F2238F728006C4042 /* UIScreen+GSUtility.m in Sources */ = {isa = PBXBuildFile; fileRef = 5AF48C862238F728006C4042 /* UIScreen+GSUtility.m */; };
		5AF48C902238F728006C4042 /* UIView+Common.m in Sources */ = {isa = PBXBuildFile; fileRef = 5AF48C872238F728006C4042 /* UIView+Common.m */; };
		5AF48C922238F728006C4042 /* UIColor+RGBA.m in Sources */ = {isa = PBXBuildFile; fileRef = 5AF48C8C2238F728006C4042 /* UIColor+RGBA.m */; };
		DEBC1D6C46B765A348BF843A /* libPods-TemPlateAPP.a in Frameworks */ = {isa = PBXBuildFile; fileRef = B642E89A6F9CBF9F613C5805 /* libPods-TemPlateAPP.a */; };
/* End PBXBuildFile section */

/* Begin PBXFileReference section */
		0493D003D56CFC436350F270 /* Pods-TemPlateAPP.debug.xcconfig */ = {isa = PBXFileReference; includeInIndex = 1; lastKnownFileType = text.xcconfig; name = "Pods-TemPlateAPP.debug.xcconfig"; path = "Pods/Target Support Files/Pods-TemPlateAPP/Pods-TemPlateAPP.debug.xcconfig"; sourceTree = "<group>"; };
		5A76C276223B743C003E37AC /* JBaseTabBarController.h */ = {isa = PBXFileReference; lastKnownFileType = sourcecode.c.h; path = JBaseTabBarController.h; sourceTree = "<group>"; };
		5A76C277223B743C003E37AC /* JBaseTabBarController.m */ = {isa = PBXFileReference; lastKnownFileType = sourcecode.c.objc; path = JBaseTabBarController.m; sourceTree = "<group>"; };
		5AEB32AF223B792D00D5556C /* MeViewController.h */ = {isa = PBXFileReference; lastKnownFileType = sourcecode.c.h; path = MeViewController.h; sourceTree = "<group>"; };
		5AEB32B0223B792D00D5556C /* MeViewController.m */ = {isa = PBXFileReference; lastKnownFileType = sourcecode.c.objc; path = MeViewController.m; sourceTree = "<group>"; };
		5AEB32B3223B79FD00D5556C /* WLXActionSheet.h */ = {isa = PBXFileReference; fileEncoding = 4; lastKnownFileType = sourcecode.c.h; path = WLXActionSheet.h; sourceTree = "<group>"; };
		5AEB32B4223B79FD00D5556C /* SDiOSVersion.h */ = {isa = PBXFileReference; fileEncoding = 4; lastKnownFileType = sourcecode.c.h; path = SDiOSVersion.h; sourceTree = "<group>"; };
		5AEB32B5223B79FD00D5556C /* WLXActionSheet.m */ = {isa = PBXFileReference; fileEncoding = 4; lastKnownFileType = sourcecode.c.objc; path = WLXActionSheet.m; sourceTree = "<group>"; };
		5AEB32B6223B79FD00D5556C /* SDiOSVersion.m */ = {isa = PBXFileReference; fileEncoding = 4; lastKnownFileType = sourcecode.c.objc; path = SDiOSVersion.m; sourceTree = "<group>"; };
		5AEB32B9223B7A7E00D5556C /* JNetReachabilityTool.h */ = {isa = PBXFileReference; lastKnownFileType = sourcecode.c.h; path = JNetReachabilityTool.h; sourceTree = "<group>"; };
		5AEB32BA223B7A7E00D5556C /* JNetReachabilityTool.m */ = {isa = PBXFileReference; lastKnownFileType = sourcecode.c.objc; path = JNetReachabilityTool.m; sourceTree = "<group>"; };
		5AF48C2E22389F73006C4042 /* TemPlateAPP.app */ = {isa = PBXFileReference; explicitFileType = wrapper.application; includeInIndex = 0; path = TemPlateAPP.app; sourceTree = BUILT_PRODUCTS_DIR; };
		5AF48C3122389F73006C4042 /* AppDelegate.h */ = {isa = PBXFileReference; lastKnownFileType = sourcecode.c.h; path = AppDelegate.h; sourceTree = "<group>"; };
		5AF48C3222389F73006C4042 /* AppDelegate.m */ = {isa = PBXFileReference; lastKnownFileType = sourcecode.c.objc; path = AppDelegate.m; sourceTree = "<group>"; };
		5AF48C3422389F73006C4042 /* ViewController.h */ = {isa = PBXFileReference; lastKnownFileType = sourcecode.c.h; path = ViewController.h; sourceTree = "<group>"; };
		5AF48C3522389F73006C4042 /* ViewController.m */ = {isa = PBXFileReference; lastKnownFileType = sourcecode.c.objc; path = ViewController.m; sourceTree = "<group>"; };
		5AF48C3822389F73006C4042 /* Base */ = {isa = PBXFileReference; lastKnownFileType = file.storyboard; name = Base; path = Base.lproj/Main.storyboard; sourceTree = "<group>"; };
		5AF48C3A22389F74006C4042 /* Assets.xcassets */ = {isa = PBXFileReference; lastKnownFileType = folder.assetcatalog; path = Assets.xcassets; sourceTree = "<group>"; };
		5AF48C3D22389F74006C4042 /* Base */ = {isa = PBXFileReference; lastKnownFileType = file.storyboard; name = Base; path = Base.lproj/LaunchScreen.storyboard; sourceTree = "<group>"; };
		5AF48C3F22389F74006C4042 /* Info.plist */ = {isa = PBXFileReference; lastKnownFileType = text.plist.xml; path = Info.plist; sourceTree = "<group>"; };
		5AF48C4022389F74006C4042 /* main.m */ = {isa = PBXFileReference; lastKnownFileType = sourcecode.c.objc; path = main.m; sourceTree = "<group>"; };
		5AF48C472238A162006C4042 /* TemplatePrefixHeader.pch */ = {isa = PBXFileReference; lastKnownFileType = sourcecode.c.h; path = TemplatePrefixHeader.pch; sourceTree = "<group>"; };
		5AF48C532238EB87006C4042 /* UploadParam.h */ = {isa = PBXFileReference; fileEncoding = 4; lastKnownFileType = sourcecode.c.h; path = UploadParam.h; sourceTree = "<group>"; };
		5AF48C542238EB87006C4042 /* HttpRequest.m */ = {isa = PBXFileReference; fileEncoding = 4; lastKnownFileType = sourcecode.c.objc; path = HttpRequest.m; sourceTree = "<group>"; };
		5AF48C552238EB87006C4042 /* HttpRequest.h */ = {isa = PBXFileReference; fileEncoding = 4; lastKnownFileType = sourcecode.c.h; path = HttpRequest.h; sourceTree = "<group>"; };
		5AF48C562238EB87006C4042 /* UploadParam.m */ = {isa = PBXFileReference; fileEncoding = 4; lastKnownFileType = sourcecode.c.objc; path = UploadParam.m; sourceTree = "<group>"; };
		5AF48C6D2238ECA7006C4042 /* BaseViewController.h */ = {isa = PBXFileReference; lastKnownFileType = sourcecode.c.h; path = BaseViewController.h; sourceTree = "<group>"; };
		5AF48C6E2238ECA7006C4042 /* BaseViewController.m */ = {isa = PBXFileReference; lastKnownFileType = sourcecode.c.objc; path = BaseViewController.m; sourceTree = "<group>"; };
		5AF48C742238F38A006C4042 /* HomeViewController.h */ = {isa = PBXFileReference; lastKnownFileType = sourcecode.c.h; path = HomeViewController.h; sourceTree = "<group>"; };
		5AF48C752238F38A006C4042 /* HomeViewController.m */ = {isa = PBXFileReference; lastKnownFileType = sourcecode.c.objc; path = HomeViewController.m; sourceTree = "<group>"; };
		5AF48C772238F3B4006C4042 /* LoginViewController.h */ = {isa = PBXFileReference; lastKnownFileType = sourcecode.c.h; path = LoginViewController.h; sourceTree = "<group>"; };
		5AF48C782238F3B4006C4042 /* LoginViewController.m */ = {isa = PBXFileReference; lastKnownFileType = sourcecode.c.objc; path = LoginViewController.m; sourceTree = "<group>"; };
		5AF48C852238F728006C4042 /* UIView+Addition.m */ = {isa = PBXFileReference; fileEncoding = 4; lastKnownFileType = sourcecode.c.objc; path = "UIView+Addition.m"; sourceTree = "<group>"; };
		5AF48C862238F728006C4042 /* UIScreen+GSUtility.m */ = {isa = PBXFileReference; fileEncoding = 4; lastKnownFileType = sourcecode.c.objc; path = "UIScreen+GSUtility.m"; sourceTree = "<group>"; };
		5AF48C872238F728006C4042 /* UIView+Common.m */ = {isa = PBXFileReference; fileEncoding = 4; lastKnownFileType = sourcecode.c.objc; path = "UIView+Common.m"; sourceTree = "<group>"; };
		5AF48C882238F728006C4042 /* UIColor+RGBA.h */ = {isa = PBXFileReference; fileEncoding = 4; lastKnownFileType = sourcecode.c.h; path = "UIColor+RGBA.h"; sourceTree = "<group>"; };
		5AF48C8A2238F728006C4042 /* UIScreen+GSUtility.h */ = {isa = PBXFileReference; fileEncoding = 4; lastKnownFileType = sourcecode.c.h; path = "UIScreen+GSUtility.h"; sourceTree = "<group>"; };
		5AF48C8B2238F728006C4042 /* UIView+Addition.h */ = {isa = PBXFileReference; fileEncoding = 4; lastKnownFileType = sourcecode.c.h; path = "UIView+Addition.h"; sourceTree = "<group>"; };
		5AF48C8C2238F728006C4042 /* UIColor+RGBA.m */ = {isa = PBXFileReference; fileEncoding = 4; lastKnownFileType = sourcecode.c.objc; path = "UIColor+RGBA.m"; sourceTree = "<group>"; };
		5AF48C8D2238F728006C4042 /* UIView+Common.h */ = {isa = PBXFileReference; fileEncoding = 4; lastKnownFileType = sourcecode.c.h; path = "UIView+Common.h"; sourceTree = "<group>"; };
		5AF48C962238F94C006C4042 /* GlobalMacro.h */ = {isa = PBXFileReference; lastKnownFileType = sourcecode.c.h; path = GlobalMacro.h; sourceTree = "<group>"; };
		96077C738C9DACB2EB1D76DD /* Pods-TemPlateAPP.release.xcconfig */ = {isa = PBXFileReference; includeInIndex = 1; lastKnownFileType = text.xcconfig; name = "Pods-TemPlateAPP.release.xcconfig"; path = "Pods/Target Support Files/Pods-TemPlateAPP/Pods-TemPlateAPP.release.xcconfig"; sourceTree = "<group>"; };
		B642E89A6F9CBF9F613C5805 /* libPods-TemPlateAPP.a */ = {isa = PBXFileReference; explicitFileType = archive.ar; includeInIndex = 0; path = "libPods-TemPlateAPP.a"; sourceTree = BUILT_PRODUCTS_DIR; };
/* End PBXFileReference section */

/* Begin PBXFrameworksBuildPhase section */
		5AF48C2B22389F73006C4042 /* Frameworks */ = {
			isa = PBXFrameworksBuildPhase;
			buildActionMask = 2147483647;
			files = (
				DEBC1D6C46B765A348BF843A /* libPods-TemPlateAPP.a in Frameworks */,
			);
			runOnlyForDeploymentPostprocessing = 0;
		};
/* End PBXFrameworksBuildPhase section */

/* Begin PBXGroup section */
		3616F99A40299D20ABC07532 /* Pods */ = {
			isa = PBXGroup;
			children = (
				0493D003D56CFC436350F270 /* Pods-TemPlateAPP.debug.xcconfig */,
				96077C738C9DACB2EB1D76DD /* Pods-TemPlateAPP.release.xcconfig */,
			);
			name = Pods;
			sourceTree = "<group>";
		};
		3EEABCA47F3464A66AD041A1 /* Frameworks */ = {
			isa = PBXGroup;
			children = (
				B642E89A6F9CBF9F613C5805 /* libPods-TemPlateAPP.a */,
			);
			name = Frameworks;
			sourceTree = "<group>";
		};
		5AEB32A8223B790100D5556C /* Me */ = {
			isa = PBXGroup;
			children = (
				5AEB32AA223B790F00D5556C /* Controller */,
				5AEB32A9223B790F00D5556C /* Model */,
				5AEB32AD223B790F00D5556C /* View */,
			);
			path = Me;
			sourceTree = "<group>";
		};
		5AEB32A9223B790F00D5556C /* Model */ = {
			isa = PBXGroup;
			children = (
			);
			path = Model;
			sourceTree = "<group>";
		};
		5AEB32AA223B790F00D5556C /* Controller */ = {
			isa = PBXGroup;
			children = (
				5AEB32AF223B792D00D5556C /* MeViewController.h */,
				5AEB32B0223B792D00D5556C /* MeViewController.m */,
			);
			path = Controller;
			sourceTree = "<group>";
		};
		5AEB32AD223B790F00D5556C /* View */ = {
			isa = PBXGroup;
			children = (
			);
			path = View;
			sourceTree = "<group>";
		};
		5AEB32B2223B79FD00D5556C /* Tools */ = {
			isa = PBXGroup;
			children = (
				5AEB32B3223B79FD00D5556C /* WLXActionSheet.h */,
				5AEB32B5223B79FD00D5556C /* WLXActionSheet.m */,
				5AEB32B4223B79FD00D5556C /* SDiOSVersion.h */,
				5AEB32B6223B79FD00D5556C /* SDiOSVersion.m */,
				5AEB32B9223B7A7E00D5556C /* JNetReachabilityTool.h */,
				5AEB32BA223B7A7E00D5556C /* JNetReachabilityTool.m */,
			);
			path = Tools;
			sourceTree = "<group>";
		};
		5AF48C2522389F73006C4042 = {
			isa = PBXGroup;
			children = (
				5AF48C3022389F73006C4042 /* TemPlateAPP */,
				5AF48C2F22389F73006C4042 /* Products */,
				3616F99A40299D20ABC07532 /* Pods */,
				3EEABCA47F3464A66AD041A1 /* Frameworks */,
			);
			sourceTree = "<group>";
		};
		5AF48C2F22389F73006C4042 /* Products */ = {
			isa = PBXGroup;
			children = (
				5AF48C2E22389F73006C4042 /* TemPlateAPP.app */,
			);
			name = Products;
			sourceTree = "<group>";
		};
		5AF48C3022389F73006C4042 /* TemPlateAPP */ = {
			isa = PBXGroup;
			children = (
				5AF48C502238EB87006C4042 /* 3rd */,
				5AF48C512238EB87006C4042 /* Expand */,
				5AF48C4F2238EB87006C4042 /* Main */,
				5AF48C3422389F73006C4042 /* ViewController.h */,
				5AF48C3522389F73006C4042 /* ViewController.m */,
				5AF48C3722389F73006C4042 /* Main.storyboard */,
				5AF48C3A22389F74006C4042 /* Assets.xcassets */,
				5AF48C3C22389F74006C4042 /* LaunchScreen.storyboard */,
				5AF48C3F22389F74006C4042 /* Info.plist */,
				5AF48C472238A162006C4042 /* TemplatePrefixHeader.pch */,
				5AF48C4022389F74006C4042 /* main.m */,
			);
			path = TemPlateAPP;
			sourceTree = "<group>";
		};
		5AF48C4F2238EB87006C4042 /* Main */ = {
			isa = PBXGroup;
			children = (
				5AF48C3122389F73006C4042 /* AppDelegate.h */,
				5AF48C3222389F73006C4042 /* AppDelegate.m */,
				5AF48C6B2238EC80006C4042 /* Common */,
				5AF48C592238EBC8006C4042 /* Home */,
				5AF48C5B2238EBC8006C4042 /* Login */,
				5AEB32A8223B790100D5556C /* Me */,
			);
			path = Main;
			sourceTree = "<group>";
		};
		5AF48C502238EB87006C4042 /* 3rd */ = {
			isa = PBXGroup;
			children = (
			);
			path = 3rd;
			sourceTree = "<group>";
		};
		5AF48C512238EB87006C4042 /* Expand */ = {
			isa = PBXGroup;
			children = (
				5AF48C522238EB87006C4042 /* Network */,
			);
			path = Expand;
			sourceTree = "<group>";
		};
		5AF48C522238EB87006C4042 /* Network */ = {
			isa = PBXGroup;
			children = (
				5AF48C552238EB87006C4042 /* HttpRequest.h */,
				5AF48C542238EB87006C4042 /* HttpRequest.m */,
				5AF48C532238EB87006C4042 /* UploadParam.h */,
				5AF48C562238EB87006C4042 /* UploadParam.m */,
			);
			path = Network;
			sourceTree = "<group>";
		};
		5AF48C592238EBC8006C4042 /* Home */ = {
			isa = PBXGroup;
			children = (
				5AF48C652238EC24006C4042 /* Controller */,
				5AF48C662238EC24006C4042 /* Model */,
				5AF48C672238EC24006C4042 /* View */,
			);
			path = Home;
			sourceTree = "<group>";
		};
		5AF48C5B2238EBC8006C4042 /* Login */ = {
			isa = PBXGroup;
			children = (
				5AF48C682238EC5E006C4042 /* Controller */,
				5AF48C692238EC5E006C4042 /* Model */,
				5AF48C6A2238EC5E006C4042 /* View */,
			);
			path = Login;
			sourceTree = "<group>";
		};
		5AF48C652238EC24006C4042 /* Controller */ = {
			isa = PBXGroup;
			children = (
				5AF48C742238F38A006C4042 /* HomeViewController.h */,
				5AF48C752238F38A006C4042 /* HomeViewController.m */,
			);
			path = Controller;
			sourceTree = "<group>";
		};
		5AF48C662238EC24006C4042 /* Model */ = {
			isa = PBXGroup;
			children = (
			);
			path = Model;
			sourceTree = "<group>";
		};
		5AF48C672238EC24006C4042 /* View */ = {
			isa = PBXGroup;
			children = (
			);
			path = View;
			sourceTree = "<group>";
		};
		5AF48C682238EC5E006C4042 /* Controller */ = {
			isa = PBXGroup;
			children = (
				5AF48C772238F3B4006C4042 /* LoginViewController.h */,
				5AF48C782238F3B4006C4042 /* LoginViewController.m */,
			);
			path = Controller;
			sourceTree = "<group>";
		};
		5AF48C692238EC5E006C4042 /* Model */ = {
			isa = PBXGroup;
			children = (
			);
			path = Model;
			sourceTree = "<group>";
		};
		5AF48C6A2238EC5E006C4042 /* View */ = {
			isa = PBXGroup;
			children = (
			);
			path = View;
			sourceTree = "<group>";
		};
		5AF48C6B2238EC80006C4042 /* Common */ = {
			isa = PBXGroup;
			children = (
				5AEB32B2223B79FD00D5556C /* Tools */,
				5AF48C932238F760006C4042 /* Macro */,
				5AF48C6C2238EC8F006C4042 /* BaseVC */,
				5AF48C832238F728006C4042 /* Categorys */,
			);
			path = Common;
			sourceTree = "<group>";
		};
		5AF48C6C2238EC8F006C4042 /* BaseVC */ = {
			isa = PBXGroup;
			children = (
				5AF48C6D2238ECA7006C4042 /* BaseViewController.h */,
				5AF48C6E2238ECA7006C4042 /* BaseViewController.m */,
				5A76C276223B743C003E37AC /* JBaseTabBarController.h */,
				5A76C277223B743C003E37AC /* JBaseTabBarController.m */,
			);
			path = BaseVC;
			sourceTree = "<group>";
		};
		5AF48C832238F728006C4042 /* Categorys */ = {
			isa = PBXGroup;
			children = (
				5AF48C8D2238F728006C4042 /* UIView+Common.h */,
				5AF48C872238F728006C4042 /* UIView+Common.m */,
				5AF48C8A2238F728006C4042 /* UIScreen+GSUtility.h */,
				5AF48C862238F728006C4042 /* UIScreen+GSUtility.m */,
				5AF48C882238F728006C4042 /* UIColor+RGBA.h */,
				5AF48C8C2238F728006C4042 /* UIColor+RGBA.m */,
				5AF48C8B2238F728006C4042 /* UIView+Addition.h */,
				5AF48C852238F728006C4042 /* UIView+Addition.m */,
			);
			path = Categorys;
			sourceTree = "<group>";
		};
		5AF48C932238F760006C4042 /* Macro */ = {
			isa = PBXGroup;
			children = (
				5AF48C962238F94C006C4042 /* GlobalMacro.h */,
			);
			path = Macro;
			sourceTree = "<group>";
		};
/* End PBXGroup section */

/* Begin PBXNativeTarget section */
		5AF48C2D22389F73006C4042 /* TemPlateAPP */ = {
			isa = PBXNativeTarget;
			buildConfigurationList = 5AF48C4422389F74006C4042 /* Build configuration list for PBXNativeTarget "TemPlateAPP" */;
			buildPhases = (
				018C5066E04EB14E87A14826 /* [CP] Check Pods Manifest.lock */,
				5AF48C2A22389F73006C4042 /* Sources */,
				5AF48C2B22389F73006C4042 /* Frameworks */,
				5AF48C2C22389F73006C4042 /* Resources */,
				6712C3AF221B2777B65ED90C /* [CP] Copy Pods Resources */,
			);
			buildRules = (
			);
			dependencies = (
			);
			name = TemPlateAPP;
			productName = TemPlateAPP;
			productReference = 5AF48C2E22389F73006C4042 /* TemPlateAPP.app */;
			productType = "com.apple.product-type.application";
		};
/* End PBXNativeTarget section */

/* Begin PBXProject section */
		5AF48C2622389F73006C4042 /* Project object */ = {
			isa = PBXProject;
			attributes = {
				LastUpgradeCheck = 1010;
				ORGANIZATIONNAME = ice;
				TargetAttributes = {
					5AF48C2D22389F73006C4042 = {
						CreatedOnToolsVersion = 10.1;
					};
				};
			};
			buildConfigurationList = 5AF48C2922389F73006C4042 /* Build configuration list for PBXProject "TemPlateAPP" */;
			compatibilityVersion = "Xcode 9.3";
			developmentRegion = en;
			hasScannedForEncodings = 0;
			knownRegions = (
				en,
				Base,
			);
			mainGroup = 5AF48C2522389F73006C4042;
			productRefGroup = 5AF48C2F22389F73006C4042 /* Products */;
			projectDirPath = "";
			projectRoot = "";
			targets = (
				5AF48C2D22389F73006C4042 /* TemPlateAPP */,
			);
		};
/* End PBXProject section */

/* Begin PBXResourcesBuildPhase section */
		5AF48C2C22389F73006C4042 /* Resources */ = {
			isa = PBXResourcesBuildPhase;
			buildActionMask = 2147483647;
			files = (
				5AF48C3E22389F74006C4042 /* LaunchScreen.storyboard in Resources */,
				5AF48C3B22389F74006C4042 /* Assets.xcassets in Resources */,
				5AF48C3922389F73006C4042 /* Main.storyboard in Resources */,
			);
			runOnlyForDeploymentPostprocessing = 0;
		};
/* End PBXResourcesBuildPhase section */

/* Begin PBXShellScriptBuildPhase section */
		018C5066E04EB14E87A14826 /* [CP] Check Pods Manifest.lock */ = {
			isa = PBXShellScriptBuildPhase;
			buildActionMask = 2147483647;
			files = (
			);
			inputPaths = (
				"${PODS_PODFILE_DIR_PATH}/Podfile.lock",
				"${PODS_ROOT}/Manifest.lock",
			);
			name = "[CP] Check Pods Manifest.lock";
			outputPaths = (
				"$(DERIVED_FILE_DIR)/Pods-TemPlateAPP-checkManifestLockResult.txt",
			);
			runOnlyForDeploymentPostprocessing = 0;
			shellPath = /bin/sh;
			shellScript = "diff \"${PODS_PODFILE_DIR_PATH}/Podfile.lock\" \"${PODS_ROOT}/Manifest.lock\" > /dev/null\nif [ $? != 0 ] ; then\n    # print error to STDERR\n    echo \"error: The sandbox is not in sync with the Podfile.lock. Run 'pod install' or update your CocoaPods installation.\" >&2\n    exit 1\nfi\n# This output is used by Xcode 'outputs' to avoid re-running this script phase.\necho \"SUCCESS\" > \"${SCRIPT_OUTPUT_FILE_0}\"\n";
			showEnvVarsInLog = 0;
		};
		6712C3AF221B2777B65ED90C /* [CP] Copy Pods Resources */ = {
			isa = PBXShellScriptBuildPhase;
			buildActionMask = 2147483647;
			files = (
			);
			inputPaths = (
				"${SRCROOT}/Pods/Target Support Files/Pods-TemPlateAPP/Pods-TemPlateAPP-resources.sh",
				"${PODS_ROOT}/IQKeyboardManager/IQKeyboardManager/Resources/IQKeyboardManager.bundle",
				"${PODS_ROOT}/MJRefresh/MJRefresh/MJRefresh.bundle",
			);
			name = "[CP] Copy Pods Resources";
			outputPaths = (
				"${TARGET_BUILD_DIR}/${UNLOCALIZED_RESOURCES_FOLDER_PATH}/IQKeyboardManager.bundle",
				"${TARGET_BUILD_DIR}/${UNLOCALIZED_RESOURCES_FOLDER_PATH}/MJRefresh.bundle",
			);
			runOnlyForDeploymentPostprocessing = 0;
			shellPath = /bin/sh;
			shellScript = "\"${SRCROOT}/Pods/Target Support Files/Pods-TemPlateAPP/Pods-TemPlateAPP-resources.sh\"\n";
			showEnvVarsInLog = 0;
		};
/* End PBXShellScriptBuildPhase section */

/* Begin PBXSourcesBuildPhase section */
		5AF48C2A22389F73006C4042 /* Sources */ = {
			isa = PBXSourcesBuildPhase;
			buildActionMask = 2147483647;
			files = (
				5AF48C3622389F73006C4042 /* ViewController.m in Sources */,
				5AF48C6F2238ECA7006C4042 /* BaseViewController.m in Sources */,
				5AF48C572238EB87006C4042 /* HttpRequest.m in Sources */,
				5AF48C8F2238F728006C4042 /* UIScreen+GSUtility.m in Sources */,
				5AF48C4122389F74006C4042 /* main.m in Sources */,
				5AF48C792238F3B4006C4042 /* LoginViewController.m in Sources */,
				5AF48C902238F728006C4042 /* UIView+Common.m in Sources */,
				5AF48C582238EB87006C4042 /* UploadParam.m in Sources */,
				5A76C278223B743C003E37AC /* JBaseTabBarController.m in Sources */,
				5AF48C3322389F73006C4042 /* AppDelegate.m in Sources */,
				5AF48C8E2238F728006C4042 /* UIView+Addition.m in Sources */,
				5AF48C922238F728006C4042 /* UIColor+RGBA.m in Sources */,
				5AEB32B8223B79FD00D5556C /* SDiOSVersion.m in Sources */,
				5AF48C762238F38A006C4042 /* HomeViewController.m in Sources */,
				5AEB32BB223B7A7E00D5556C /* JNetReachabilityTool.m in Sources */,
				5AEB32B7223B79FD00D5556C /* WLXActionSheet.m in Sources */,
				5AEB32B1223B792D00D5556C /* MeViewController.m in Sources */,
			);
			runOnlyForDeploymentPostprocessing = 0;
		};
/* End PBXSourcesBuildPhase section */

/* Begin PBXVariantGroup section */
		5AF48C3722389F73006C4042 /* Main.storyboard */ = {
			isa = PBXVariantGroup;
			children = (
				5AF48C3822389F73006C4042 /* Base */,
			);
			name = Main.storyboard;
			sourceTree = "<group>";
		};
		5AF48C3C22389F74006C4042 /* LaunchScreen.storyboard */ = {
			isa = PBXVariantGroup;
			children = (
				5AF48C3D22389F74006C4042 /* Base */,
			);
			name = LaunchScreen.storyboard;
			sourceTree = "<group>";
		};
/* End PBXVariantGroup section */

/* Begin XCBuildConfiguration section */
		5AF48C4222389F74006C4042 /* Debug */ = {
			isa = XCBuildConfiguration;
			buildSettings = {
				ALWAYS_SEARCH_USER_PATHS = NO;
				CLANG_ANALYZER_NONNULL = YES;
				CLANG_ANALYZER_NUMBER_OBJECT_CONVERSION = YES_AGGRESSIVE;
				CLANG_CXX_LANGUAGE_STANDARD = "gnu++14";
				CLANG_CXX_LIBRARY = "libc++";
				CLANG_ENABLE_MODULES = YES;
				CLANG_ENABLE_OBJC_ARC = YES;
				CLANG_ENABLE_OBJC_WEAK = YES;
				CLANG_WARN_BLOCK_CAPTURE_AUTORELEASING = YES;
				CLANG_WARN_BOOL_CONVERSION = YES;
				CLANG_WARN_COMMA = YES;
				CLANG_WARN_CONSTANT_CONVERSION = YES;
				CLANG_WARN_DEPRECATED_OBJC_IMPLEMENTATIONS = YES;
				CLANG_WARN_DIRECT_OBJC_ISA_USAGE = YES_ERROR;
				CLANG_WARN_DOCUMENTATION_COMMENTS = YES;
				CLANG_WARN_EMPTY_BODY = YES;
				CLANG_WARN_ENUM_CONVERSION = YES;
				CLANG_WARN_INFINITE_RECURSION = YES;
				CLANG_WARN_INT_CONVERSION = YES;
				CLANG_WARN_NON_LITERAL_NULL_CONVERSION = YES;
				CLANG_WARN_OBJC_IMPLICIT_RETAIN_SELF = YES;
				CLANG_WARN_OBJC_LITERAL_CONVERSION = YES;
				CLANG_WARN_OBJC_ROOT_CLASS = YES_ERROR;
				CLANG_WARN_RANGE_LOOP_ANALYSIS = YES;
				CLANG_WARN_STRICT_PROTOTYPES = YES;
				CLANG_WARN_SUSPICIOUS_MOVE = YES;
				CLANG_WARN_UNGUARDED_AVAILABILITY = YES_AGGRESSIVE;
				CLANG_WARN_UNREACHABLE_CODE = YES;
				CLANG_WARN__DUPLICATE_METHOD_MATCH = YES;
				CODE_SIGN_IDENTITY = "iPhone Developer";
				COPY_PHASE_STRIP = NO;
				DEBUG_INFORMATION_FORMAT = dwarf;
				ENABLE_STRICT_OBJC_MSGSEND = YES;
				ENABLE_TESTABILITY = YES;
				GCC_C_LANGUAGE_STANDARD = gnu11;
				GCC_DYNAMIC_NO_PIC = NO;
				GCC_NO_COMMON_BLOCKS = YES;
				GCC_OPTIMIZATION_LEVEL = 0;
				GCC_PREPROCESSOR_DEFINITIONS = (
					"DEBUG=1",
					"$(inherited)",
				);
				GCC_WARN_64_TO_32_BIT_CONVERSION = YES;
				GCC_WARN_ABOUT_RETURN_TYPE = YES_ERROR;
				GCC_WARN_UNDECLARED_SELECTOR = YES;
				GCC_WARN_UNINITIALIZED_AUTOS = YES_AGGRESSIVE;
				GCC_WARN_UNUSED_FUNCTION = YES;
				GCC_WARN_UNUSED_VARIABLE = YES;
				IPHONEOS_DEPLOYMENT_TARGET = 12.1;
				MTL_ENABLE_DEBUG_INFO = INCLUDE_SOURCE;
				MTL_FAST_MATH = YES;
				ONLY_ACTIVE_ARCH = YES;
				SDKROOT = iphoneos;
			};
			name = Debug;
		};
		5AF48C4322389F74006C4042 /* Release */ = {
			isa = XCBuildConfiguration;
			buildSettings = {
				ALWAYS_SEARCH_USER_PATHS = NO;
				CLANG_ANALYZER_NONNULL = YES;
				CLANG_ANALYZER_NUMBER_OBJECT_CONVERSION = YES_AGGRESSIVE;
				CLANG_CXX_LANGUAGE_STANDARD = "gnu++14";
				CLANG_CXX_LIBRARY = "libc++";
				CLANG_ENABLE_MODULES = YES;
				CLANG_ENABLE_OBJC_ARC = YES;
				CLANG_ENABLE_OBJC_WEAK = YES;
				CLANG_WARN_BLOCK_CAPTURE_AUTORELEASING = YES;
				CLANG_WARN_BOOL_CONVERSION = YES;
				CLANG_WARN_COMMA = YES;
				CLANG_WARN_CONSTANT_CONVERSION = YES;
				CLANG_WARN_DEPRECATED_OBJC_IMPLEMENTATIONS = YES;
				CLANG_WARN_DIRECT_OBJC_ISA_USAGE = YES_ERROR;
				CLANG_WARN_DOCUMENTATION_COMMENTS = YES;
				CLANG_WARN_EMPTY_BODY = YES;
				CLANG_WARN_ENUM_CONVERSION = YES;
				CLANG_WARN_INFINITE_RECURSION = YES;
				CLANG_WARN_INT_CONVERSION = YES;
				CLANG_WARN_NON_LITERAL_NULL_CONVERSION = YES;
				CLANG_WARN_OBJC_IMPLICIT_RETAIN_SELF = YES;
				CLANG_WARN_OBJC_LITERAL_CONVERSION = YES;
				CLANG_WARN_OBJC_ROOT_CLASS = YES_ERROR;
				CLANG_WARN_RANGE_LOOP_ANALYSIS = YES;
				CLANG_WARN_STRICT_PROTOTYPES = YES;
				CLANG_WARN_SUSPICIOUS_MOVE = YES;
				CLANG_WARN_UNGUARDED_AVAILABILITY = YES_AGGRESSIVE;
				CLANG_WARN_UNREACHABLE_CODE = YES;
				CLANG_WARN__DUPLICATE_METHOD_MATCH = YES;
				CODE_SIGN_IDENTITY = "iPhone Developer";
				COPY_PHASE_STRIP = NO;
				DEBUG_INFORMATION_FORMAT = "dwarf-with-dsym";
				ENABLE_NS_ASSERTIONS = NO;
				ENABLE_STRICT_OBJC_MSGSEND = YES;
				GCC_C_LANGUAGE_STANDARD = gnu11;
				GCC_NO_COMMON_BLOCKS = YES;
				GCC_WARN_64_TO_32_BIT_CONVERSION = YES;
				GCC_WARN_ABOUT_RETURN_TYPE = YES_ERROR;
				GCC_WARN_UNDECLARED_SELECTOR = YES;
				GCC_WARN_UNINITIALIZED_AUTOS = YES_AGGRESSIVE;
				GCC_WARN_UNUSED_FUNCTION = YES;
				GCC_WARN_UNUSED_VARIABLE = YES;
				IPHONEOS_DEPLOYMENT_TARGET = 12.1;
				MTL_ENABLE_DEBUG_INFO = NO;
				MTL_FAST_MATH = YES;
				SDKROOT = iphoneos;
				VALIDATE_PRODUCT = YES;
			};
			name = Release;
		};
		5AF48C4522389F74006C4042 /* Debug */ = {
			isa = XCBuildConfiguration;
			baseConfigurationReference = 0493D003D56CFC436350F270 /* Pods-TemPlateAPP.debug.xcconfig */;
			buildSettings = {
				ASSETCATALOG_COMPILER_APPICON_NAME = AppIcon;
				CODE_SIGN_STYLE = Automatic;
				DEVELOPMENT_TEAM = 6L74YK9LAM;
				ENABLE_BITCODE = NO;
				GCC_PREFIX_HEADER = "$(SRCROOT)/TemPlateAPP/TemplatePrefixHeader.pch";
				INFOPLIST_FILE = TemPlateAPP/Info.plist;
				LD_RUNPATH_SEARCH_PATHS = (
					"$(inherited)",
					"@executable_path/Frameworks",
				);
				PRODUCT_BUNDLE_IDENTIFIER = IceJiang.TemPlateAPP;
				PRODUCT_NAME = "$(TARGET_NAME)";
				TARGETED_DEVICE_FAMILY = "1,2";
				USER_HEADER_SEARCH_PATHS = "$(PODS_ROOT)/**";
			};
			name = Debug;
		};
		5AF48C4622389F74006C4042 /* Release */ = {
			isa = XCBuildConfiguration;
			baseConfigurationReference = 96077C738C9DACB2EB1D76DD /* Pods-TemPlateAPP.release.xcconfig */;
			buildSettings = {
				ASSETCATALOG_COMPILER_APPICON_NAME = AppIcon;
				CODE_SIGN_STYLE = Automatic;
				DEVELOPMENT_TEAM = 6L74YK9LAM;
				ENABLE_BITCODE = NO;
				GCC_PREFIX_HEADER = "$(SRCROOT)/TemPlateAPP/TemplatePrefixHeader.pch";
				INFOPLIST_FILE = TemPlateAPP/Info.plist;
				LD_RUNPATH_SEARCH_PATHS = (
					"$(inherited)",
					"@executable_path/Frameworks",
				);
				PRODUCT_BUNDLE_IDENTIFIER = IceJiang.TemPlateAPP;
				PRODUCT_NAME = "$(TARGET_NAME)";
				TARGETED_DEVICE_FAMILY = "1,2";
				USER_HEADER_SEARCH_PATHS = "$(PODS_ROOT)/**";
			};
			name = Release;
		};
/* End XCBuildConfiguration section */

/* Begin XCConfigurationList section */
		5AF48C2922389F73006C4042 /* Build configuration list for PBXProject "TemPlateAPP" */ = {
			isa = XCConfigurationList;
			buildConfigurations = (
				5AF48C4222389F74006C4042 /* Debug */,
				5AF48C4322389F74006C4042 /* Release */,
			);
			defaultConfigurationIsVisible = 0;
			defaultConfigurationName = Release;
		};
		5AF48C4422389F74006C4042 /* Build configuration list for PBXNativeTarget "TemPlateAPP" */ = {
			isa = XCConfigurationList;
			buildConfigurations = (
				5AF48C4522389F74006C4042 /* Debug */,
				5AF48C4622389F74006C4042 /* Release */,
			);
			defaultConfigurationIsVisible = 0;
			defaultConfigurationName = Release;
		};
/* End XCConfigurationList section */
	};
	rootObject = 5AF48C2622389F73006C4042 /* Project object */;
}
