// !$*UTF8*$!
{
	archiveVersion = 1;
	classes = {
	};
	objectVersion = 50;
	objects = {

/* Begin PBXBuildFile section */
		5AF48C3322389F73006C4042 /* AppDelegate.m in Sources */ = {isa = PBXBuildFile; fileRef = 5AF48C3222389F73006C4042 /* AppDelegate.m */; };
		5AF48C3622389F73006C4042 /* ViewController.m in Sources */ = {isa = PBXBuildFile; fileRef = 5AF48C3522389F73006C4042 /* ViewController.m */; };
		5AF48C3922389F73006C4042 /* Main.storyboard in Resources */ = {isa = PBXBuildFile; fileRef = 5AF48C3722389F73006C4042 /* Main.storyboard */; };
		5AF48C3B22389F74006C4042 /* Assets.xcassets in Resources */ = {isa = PBXBuildFile; fileRef = 5AF48C3A22389F74006C4042 /* Assets.xcassets */; };
		5AF48C3E22389F74006C4042 /* LaunchScreen.storyboard in Resources */ = {isa = PBXBuildFile; fileRef = 5AF48C3C22389F74006C4042 /* LaunchScreen.storyboard */; };
		5AF48C4122389F74006C4042 /* main.m in Sources */ = {isa = PBXBuildFile; fileRef = 5AF48C4022389F74006C4042 /* main.m */; };
/* End PBXBuildFile section */

/* Begin PBXFileReference section */
		5AF48C2E22389F73006C4042 /* TemPlateAPP.app */ = {isa = PBXFileReference; explicitFileType = wrapper.application; includeInIndex = 0; path = TemPlateAPP.app; sourceTree = BUILT_PRODUCTS_DIR; };
		5AF48C3122389F73006C4042 /* AppDelegate.h */ = {isa = PBXFileReference; lastKnownFileType = sourcecode.c.h; path = AppDelegate.h; sourceTree = "<group>"; };
		5AF48C3222389F73006C4042 /* AppDelegate.m */ = {isa = PBXFileReference; lastKnownFileType = sourcecode.c.objc; path = AppDelegate.m; sourceTree = "<group>"; };
		5AF48C3422389F73006C4042 /* ViewController.h */ = {isa = PBXFileReference; lastKnownFileType = sourcecode.c.h; path = ViewController.h; sourceTree = "<group>"; };
		5AF48C3522389F73006C4042 /* ViewController.m */ = {isa = PBXFileReference; lastKnownFileType = sourcecode.c.objc; path = ViewController.m; sourceTree = "<group>"; };
		5AF48C3822389F73006C4042 /* Base */ = {isa = PBXFileReference; lastKnownFileType = file.storyboard; name = Base; path = Base.lproj/Main.storyboard; sourceTree = "<group>"; };
		5AF48C3A22389F74006C4042 /* Assets.xcassets */ = {isa = PBXFileReference; lastKnownFileType = folder.assetcatalog; path = Assets.xcassets; sourceTree = "<group>"; };
		5AF48C3D22389F74006C4042 /* Base */ = {isa = PBXFileReference; lastKnownFileType = file.storyboard; name = Base; path = Base.lproj/LaunchScreen.storyboard; sourceTree = "<group>"; };
		5AF48C3F22389F74006C4042 /* Info.plist */ = {isa = PBXFileReference; lastKnownFileType = text.plist.xml; path = Info.plist; sourceTree = "<group>"; };
		5AF48C4022389F74006C4042 /* main.m */ = {isa = PBXFileReference; lastKnownFileType = sourcecode.c.objc; path = main.m; sourceTree = "<group>"; };
/* End PBXFileReference section */

/* Begin PBXFrameworksBuildPhase section */
		5AF48C2B22389F73006C4042 /* Frameworks */ = {
			isa = PBXFrameworksBuildPhase;
			buildActionMask = 2147483647;
			files = (
			);
			runOnlyForDeploymentPostprocessing = 0;
		};
/* End PBXFrameworksBuildPhase section */

/* Begin PBXGroup section */
		5AF48C2522389F73006C4042 = {
			isa = PBXGroup;
			children = (
				5AF48C3022389F73006C4042 /* TemPlateAPP */,
				5AF48C2F22389F73006C4042 /* Products */,
			);
			sourceTree = "<group>";
		};
		5AF48C2F22389F73006C4042 /* Products */ = {
			isa = PBXGroup;
			children = (
				5AF48C2E22389F73006C4042 /* TemPlateAPP.app */,
			);
			name = Products;
			sourceTree = "<group>";
		};
		5AF48C3022389F73006C4042 /* TemPlateAPP */ = {
			isa = PBXGroup;
			children = (
				5AF48C3122389F73006C4042 /* AppDelegate.h */,
				5AF48C3222389F73006C4042 /* AppDelegate.m */,
				5AF48C3422389F73006C4042 /* ViewController.h */,
				5AF48C3522389F73006C4042 /* ViewController.m */,
				5AF48C3722389F73006C4042 /* Main.storyboard */,
				5AF48C3A22389F74006C4042 /* Assets.xcassets */,
				5AF48C3C22389F74006C4042 /* LaunchScreen.storyboard */,
				5AF48C3F22389F74006C4042 /* Info.plist */,
				5AF48C4022389F74006C4042 /* main.m */,
			);
			path = TemPlateAPP;
			sourceTree = "<group>";
		};
/* End PBXGroup section */

/* Begin PBXNativeTarget section */
		5AF48C2D22389F73006C4042 /* TemPlateAPP */ = {
			isa = PBXNativeTarget;
			buildConfigurationList = 5AF48C4422389F74006C4042 /* Build configuration list for PBXNativeTarget "TemPlateAPP" */;
			buildPhases = (
				5AF48C2A22389F73006C4042 /* Sources */,
				5AF48C2B22389F73006C4042 /* Frameworks */,
				5AF48C2C22389F73006C4042 /* Resources */,
			);
			buildRules = (
			);
			dependencies = (
			);
			name = TemPlateAPP;
			productName = TemPlateAPP;
			productReference = 5AF48C2E22389F73006C4042 /* TemPlateAPP.app */;
			productType = "com.apple.product-type.application";
		};
/* End PBXNativeTarget section */

/* Begin PBXProject section */
		5AF48C2622389F73006C4042 /* Project object */ = {
			isa = PBXProject;
			attributes = {
				LastUpgradeCheck = 1010;
				ORGANIZATIONNAME = ice;
				TargetAttributes = {
					5AF48C2D22389F73006C4042 = {
						CreatedOnToolsVersion = 10.1;
					};
				};
			};
			buildConfigurationList = 5AF48C2922389F73006C4042 /* Build configuration list for PBXProject "TemPlateAPP" */;
			compatibilityVersion = "Xcode 9.3";
			developmentRegion = en;
			hasScannedForEncodings = 0;
			knownRegions = (
				en,
				Base,
			);
			mainGroup = 5AF48C2522389F73006C4042;
			productRefGroup = 5AF48C2F22389F73006C4042 /* Products */;
			projectDirPath = "";
			projectRoot = "";
			targets = (
				5AF48C2D22389F73006C4042 /* TemPlateAPP */,
			);
		};
/* End PBXProject section */

/* Begin PBXResourcesBuildPhase section */
		5AF48C2C22389F73006C4042 /* Resources */ = {
			isa = PBXResourcesBuildPhase;
			buildActionMask = 2147483647;
			files = (
				5AF48C3E22389F74006C4042 /* LaunchScreen.storyboard in Resources */,
				5AF48C3B22389F74006C4042 /* Assets.xcassets in Resources */,
				5AF48C3922389F73006C4042 /* Main.storyboard in Resources */,
			);
			runOnlyForDeploymentPostprocessing = 0;
		};
/* End PBXResourcesBuildPhase section */

/* Begin PBXSourcesBuildPhase section */
		5AF48C2A22389F73006C4042 /* Sources */ = {
			isa = PBXSourcesBuildPhase;
			buildActionMask = 2147483647;
			files = (
				5AF48C3622389F73006C4042 /* ViewController.m in Sources */,
				5AF48C4122389F74006C4042 /* main.m in Sources */,
				5AF48C3322389F73006C4042 /* AppDelegate.m in Sources */,
			);
			runOnlyForDeploymentPostprocessing = 0;
		};
/* End PBXSourcesBuildPhase section */

/* Begin PBXVariantGroup section */
		5AF48C3722389F73006C4042 /* Main.storyboard */ = {
			isa = PBXVariantGroup;
			children = (
				5AF48C3822389F73006C4042 /* Base */,
			);
			name = Main.storyboard;
			sourceTree = "<group>";
		};
		5AF48C3C22389F74006C4042 /* LaunchScreen.storyboard */ = {
			isa = PBXVariantGroup;
			children = (
				5AF48C3D22389F74006C4042 /* Base */,
			);
			name = LaunchScreen.storyboard;
			sourceTree = "<group>";
		};
/* End PBXVariantGroup section */

/* Begin XCBuildConfiguration section */
		5AF48C4222389F74006C4042 /* Debug */ = {
			isa = XCBuildConfiguration;
			buildSettings = {
				ALWAYS_SEARCH_USER_PATHS = NO;
				CLANG_ANALYZER_NONNULL = YES;
				CLANG_ANALYZER_NUMBER_OBJECT_CONVERSION = YES_AGGRESSIVE;
				CLANG_CXX_LANGUAGE_STANDARD = "gnu++14";
				CLANG_CXX_LIBRARY = "libc++";
				CLANG_ENABLE_MODULES = YES;
				CLANG_ENABLE_OBJC_ARC = YES;
				CLANG_ENABLE_OBJC_WEAK = YES;
				CLANG_WARN_BLOCK_CAPTURE_AUTORELEASING = YES;
				CLANG_WARN_BOOL_CONVERSION = YES;
				CLANG_WARN_COMMA = YES;
				CLANG_WARN_CONSTANT_CONVERSION = YES;
				CLANG_WARN_DEPRECATED_OBJC_IMPLEMENTATIONS = YES;
				CLANG_WARN_DIRECT_OBJC_ISA_USAGE = YES_ERROR;
				CLANG_WARN_DOCUMENTATION_COMMENTS = YES;
				CLANG_WARN_EMPTY_BODY = YES;
				CLANG_WARN_ENUM_CONVERSION = YES;
				CLANG_WARN_INFINITE_RECURSION = YES;
				CLANG_WARN_INT_CONVERSION = YES;
				CLANG_WARN_NON_LITERAL_NULL_CONVERSION = YES;
				CLANG_WARN_OBJC_IMPLICIT_RETAIN_SELF = YES;
				CLANG_WARN_OBJC_LITERAL_CONVERSION = YES;
				CLANG_WARN_OBJC_ROOT_CLASS = YES_ERROR;
				CLANG_WARN_RANGE_LOOP_ANALYSIS = YES;
				CLANG_WARN_STRICT_PROTOTYPES = YES;
				CLANG_WARN_SUSPICIOUS_MOVE = YES;
				CLANG_WARN_UNGUARDED_AVAILABILITY = YES_AGGRESSIVE;
				CLANG_WARN_UNREACHABLE_CODE = YES;
				CLANG_WARN__DUPLICATE_METHOD_MATCH = YES;
				CODE_SIGN_IDENTITY = "iPhone Developer";
				COPY_PHASE_STRIP = NO;
				DEBUG_INFORMATION_FORMAT = dwarf;
				ENABLE_STRICT_OBJC_MSGSEND = YES;
				ENABLE_TESTABILITY = YES;
				GCC_C_LANGUAGE_STANDARD = gnu11;
				GCC_DYNAMIC_NO_PIC = NO;
				GCC_NO_COMMON_BLOCKS = YES;
				GCC_OPTIMIZATION_LEVEL = 0;
				GCC_PREPROCESSOR_DEFINITIONS = (
					"DEBUG=1",
					"$(inherited)",
				);
				GCC_WARN_64_TO_32_BIT_CONVERSION = YES;
				GCC_WARN_ABOUT_RETURN_TYPE = YES_ERROR;
				GCC_WARN_UNDECLARED_SELECTOR = YES;
				GCC_WARN_UNINITIALIZED_AUTOS = YES_AGGRESSIVE;
				GCC_WARN_UNUSED_FUNCTION = YES;
				GCC_WARN_UNUSED_VARIABLE = YES;
				IPHONEOS_DEPLOYMENT_TARGET = 12.1;
				MTL_ENABLE_DEBUG_INFO = INCLUDE_SOURCE;
				MTL_FAST_MATH = YES;
				ONLY_ACTIVE_ARCH = YES;
				SDKROOT = iphoneos;
			};
			name = Debug;
		};
		5AF48C4322389F74006C4042 /* Release */ = {
			isa = XCBuildConfiguration;
			buildSettings = {
				ALWAYS_SEARCH_USER_PATHS = NO;
				CLANG_ANALYZER_NONNULL = YES;
				CLANG_ANALYZER_NUMBER_OBJECT_CONVERSION = YES_AGGRESSIVE;
				CLANG_CXX_LANGUAGE_STANDARD = "gnu++14";
				CLANG_CXX_LIBRARY = "libc++";
				CLANG_ENABLE_MODULES = YES;
				CLANG_ENABLE_OBJC_ARC = YES;
				CLANG_ENABLE_OBJC_WEAK = YES;
				CLANG_WARN_BLOCK_CAPTURE_AUTORELEASING = YES;
				CLANG_WARN_BOOL_CONVERSION = YES;
				CLANG_WARN_COMMA = YES;
				CLANG_WARN_CONSTANT_CONVERSION = YES;
				CLANG_WARN_DEPRECATED_OBJC_IMPLEMENTATIONS = YES;
				CLANG_WARN_DIRECT_OBJC_ISA_USAGE = YES_ERROR;
				CLANG_WARN_DOCUMENTATION_COMMENTS = YES;
				CLANG_WARN_EMPTY_BODY = YES;
				CLANG_WARN_ENUM_CONVERSION = YES;
				CLANG_WARN_INFINITE_RECURSION = YES;
				CLANG_WARN_INT_CONVERSION = YES;
				CLANG_WARN_NON_LITERAL_NULL_CONVERSION = YES;
				CLANG_WARN_OBJC_IMPLICIT_RETAIN_SELF = YES;
				CLANG_WARN_OBJC_LITERAL_CONVERSION = YES;
				CLANG_WARN_OBJC_ROOT_CLASS = YES_ERROR;
				CLANG_WARN_RANGE_LOOP_ANALYSIS = YES;
				CLANG_WARN_STRICT_PROTOTYPES = YES;
				CLANG_WARN_SUSPICIOUS_MOVE = YES;
				CLANG_WARN_UNGUARDED_AVAILABILITY = YES_AGGRESSIVE;
				CLANG_WARN_UNREACHABLE_CODE = YES;
				CLANG_WARN__DUPLICATE_METHOD_MATCH = YES;
				CODE_SIGN_IDENTITY = "iPhone Developer";
				COPY_PHASE_STRIP = NO;
				DEBUG_INFORMATION_FORMAT = "dwarf-with-dsym";
				ENABLE_NS_ASSERTIONS = NO;
				ENABLE_STRICT_OBJC_MSGSEND = YES;
				GCC_C_LANGUAGE_STANDARD = gnu11;
				GCC_NO_COMMON_BLOCKS = YES;
				GCC_WARN_64_TO_32_BIT_CONVERSION = YES;
				GCC_WARN_ABOUT_RETURN_TYPE = YES_ERROR;
				GCC_WARN_UNDECLARED_SELECTOR = YES;
				GCC_WARN_UNINITIALIZED_AUTOS = YES_AGGRESSIVE;
				GCC_WARN_UNUSED_FUNCTION = YES;
				GCC_WARN_UNUSED_VARIABLE = YES;
				IPHONEOS_DEPLOYMENT_TARGET = 12.1;
				MTL_ENABLE_DEBUG_INFO = NO;
				MTL_FAST_MATH = YES;
				SDKROOT = iphoneos;
				VALIDATE_PRODUCT = YES;
			};
			name = Release;
		};
		5AF48C4522389F74006C4042 /* Debug */ = {
			isa = XCBuildConfiguration;
			buildSettings = {
				ASSETCATALOG_COMPILER_APPICON_NAME = AppIcon;
				CODE_SIGN_STYLE = Automatic;
				DEVELOPMENT_TEAM = 6L74YK9LAM;
				INFOPLIST_FILE = TemPlateAPP/Info.plist;
				LD_RUNPATH_SEARCH_PATHS = (
					"$(inherited)",
					"@executable_path/Frameworks",
				);
				PRODUCT_BUNDLE_IDENTIFIER = IceJiang.TemPlateAPP;
				PRODUCT_NAME = "$(TARGET_NAME)";
				TARGETED_DEVICE_FAMILY = "1,2";
			};
			name = Debug;
		};
		5AF48C4622389F74006C4042 /* Release */ = {
			isa = XCBuildConfiguration;
			buildSettings = {
				ASSETCATALOG_COMPILER_APPICON_NAME = AppIcon;
				CODE_SIGN_STYLE = Automatic;
				DEVELOPMENT_TEAM = 6L74YK9LAM;
				INFOPLIST_FILE = TemPlateAPP/Info.plist;
				LD_RUNPATH_SEARCH_PATHS = (
					"$(inherited)",
					"@executable_path/Frameworks",
				);
				PRODUCT_BUNDLE_IDENTIFIER = IceJiang.TemPlateAPP;
				PRODUCT_NAME = "$(TARGET_NAME)";
				TARGETED_DEVICE_FAMILY = "1,2";
			};
			name = Release;
		};
/* End XCBuildConfiguration section */

/* Begin XCConfigurationList section */
		5AF48C2922389F73006C4042 /* Build configuration list for PBXProject "TemPlateAPP" */ = {
			isa = XCConfigurationList;
			buildConfigurations = (
				5AF48C4222389F74006C4042 /* Debug */,
				5AF48C4322389F74006C4042 /* Release */,
			);
			defaultConfigurationIsVisible = 0;
			defaultConfigurationName = Release;
		};
		5AF48C4422389F74006C4042 /* Build configuration list for PBXNativeTarget "TemPlateAPP" */ = {
			isa = XCConfigurationList;
			buildConfigurations = (
				5AF48C4522389F74006C4042 /* Debug */,
				5AF48C4622389F74006C4042 /* Release */,
			);
			defaultConfigurationIsVisible = 0;
			defaultConfigurationName = Release;
		};
/* End XCConfigurationList section */
	};
	rootObject = 5AF48C2622389F73006C4042 /* Project object */;
}
